
Microsoft Visual Studio Solution File, Format Version 12.00
# Visual Studio Version 16
VisualStudioVersion = 16.0.29609.76
MinimumVisualStudioVersion = 10.0.40219.1
Project("{FAE04EC0-301F-11D3-BF4B-00C04F79EFBC}") = "SWLogger", "SWLogger.csproj", "{2C50C7DC-75FD-4BC1-B63B-71988D7E985C}"
EndProject
Global
	GlobalSection(SolutionConfigurationPlatforms) = preSolution
		Debug|Any CPU = Debug|Any CPU
		Release|Any CPU = Release|Any CPU
	EndGlobalSection
	GlobalSection(ProjectConfigurationPlatforms) = postSolution
		{2C50C7DC-75FD-4BC1-B63B-71988D7E985C}.Debug|Any CPU.ActiveCfg = Debug|Any CPU
		{2C50C7DC-75FD-4BC1-B63B-71988D7E985C}.Debug|Any CPU.Build.0 = Debug|Any CPU
		{2C50C7DC-75FD-4BC1-B63B-71988D7E985C}.Release|Any CPU.ActiveCfg = Release|Any CPU
		{2C50C7DC-75FD-4BC1-B63B-71988D7E985C}.Release|Any CPU.Build.0 = Release|Any CPU
	EndGlobalSection
	GlobalSection(SolutionProperties) = preSolution
		HideSolutionNode = FALSE
	EndGlobalSection
	GlobalSection(ExtensibilityGlobals) = postSolution
		SolutionGuid = {0F3D3327-97A9-46A0-AA18-1496CAA0B968}
	EndGlobalSection
EndGlobal
